Microsoft Visual Studio Solution File, Format Version 12.00
# Visual Studio Version 16
VisualStudioVersion = 16.0.29519.87
MinimumVisualStudioVersion = 10.0.40219.1
Project("{9A19103F-16F7-4668-BE54-9A1E7A4F7556}") = "PointOfSalesForAGrocery", "PointOfSalesForAGrocery\PointOfSalesForAGrocery.csproj", "{3B8510CE-82F2-47B0-A642-9A85191225D6}"
EndProject
Project("{9A19103F-16F7-4668-BE54-9A1E7A4F7556}") = "POS.DataSource", "POS.DataSource\POS.DataSource.csproj", "{A29ADFEA-1055-457A-A73D-0EF2490EFE53}"
EndProject
Project("{9A19103F-16F7-4668-BE54-9A1E7A4F7556}") = "POS.Models", "POS.Models\POS.Models.csproj", "{BB1E258A-DA70-492B-A2ED-AF08FE647026}"
EndProject
Project("{FAE04EC0-301F-11D3-BF4B-00C04F79EFBC}") = "PosAuth", "PosAuth\PosAuth.csproj", "{04571338-1212-40F0-AD6E-574BCBB83AC8}"
EndProject
Global
	GlobalSection(SolutionConfigurationPlatforms) = preSolution
		Debug|Any CPU = Debug|Any CPU
		Release|Any CPU = Release|Any CPU
	EndGlobalSection
	GlobalSection(ProjectConfigurationPlatforms) = postSolution
		{3B8510CE-82F2-47B0-A642-9A85191225D6}.Debug|Any CPU.ActiveCfg = Debug|Any CPU
		{3B8510CE-82F2-47B0-A642-9A85191225D6}.Debug|Any CPU.Build.0 = Debug|Any CPU
		{3B8510CE-82F2-47B0-A642-9A85191225D6}.Release|Any CPU.ActiveCfg = Release|Any CPU
		{3B8510CE-82F2-47B0-A642-9A85191225D6}.Release|Any CPU.Build.0 = Release|Any CPU
		{A29ADFEA-1055-457A-A73D-0EF2490EFE53}.Debug|Any CPU.ActiveCfg = Debug|Any CPU
		{A29ADFEA-1055-457A-A73D-0EF2490EFE53}.Debug|Any CPU.Build.0 = Debug|Any CPU
		{A29ADFEA-1055-457A-A73D-0EF2490EFE53}.Release|Any CPU.ActiveCfg = Release|Any CPU
		{A29ADFEA-1055-457A-A73D-0EF2490EFE53}.Release|Any CPU.Build.0 = Release|Any CPU
		{BB1E258A-DA70-492B-A2ED-AF08FE647026}.Debug|Any CPU.ActiveCfg = Debug|Any CPU
		{BB1E258A-DA70-492B-A2ED-AF08FE647026}.Debug|Any CPU.Build.0 = Debug|Any CPU
		{BB1E258A-DA70-492B-A2ED-AF08FE647026}.Release|Any CPU.ActiveCfg = Release|Any CPU
		{BB1E258A-DA70-492B-A2ED-AF08FE647026}.Release|Any CPU.Build.0 = Release|Any CPU
		{04571338-1212-40F0-AD6E-574BCBB83AC8}.Debug|Any CPU.ActiveCfg = Debug|Any CPU
		{04571338-1212-40F0-AD6E-574BCBB83AC8}.Debug|Any CPU.Build.0 = Debug|Any CPU
		{04571338-1212-40F0-AD6E-574BCBB83AC8}.Release|Any CPU.ActiveCfg = Release|Any CPU
		{04571338-1212-40F0-AD6E-574BCBB83AC8}.Release|Any CPU.Build.0 = Release|Any CPU
	EndGlobalSection
	GlobalSection(SolutionProperties) = preSolution
		HideSolutionNode = FALSE
	EndGlobalSection
	GlobalSection(ExtensibilityGlobals) = postSolution
		SolutionGuid = {25711F4B-D332-43BC-9382-99CB7B63DAAE}
	EndGlobalSection
EndGlobal
